
Microsoft Visual Studio Solution File, Format Version 12.00
# Visual Studio Version 17
VisualStudioVersion = 17.7.34009.444
MinimumVisualStudioVersion = 10.0.40219.1
Project("{FAE04EC0-301F-11D3-BF4B-00C04F79EFBC}") = "Ejercicio8", "Ejercicio8.csproj", "{06670007-8B94-449B-BEF9-9910415D5FC5}"
EndProject
Global
	GlobalSection(SolutionConfigurationPlatforms) = preSolution
		Debug|Any CPU = Debug|Any CPU
		Release|Any CPU = Release|Any CPU
	EndGlobalSection
	GlobalSection(ProjectConfigurationPlatforms) = postSolution
		{06670007-8B94-449B-BEF9-9910415D5FC5}.Debug|Any CPU.ActiveCfg = Debug|Any CPU
		{06670007-8B94-449B-BEF9-9910415D5FC5}.Debug|Any CPU.Build.0 = Debug|Any CPU
		{06670007-8B94-449B-BEF9-9910415D5FC5}.Release|Any CPU.ActiveCfg = Release|Any CPU
		{06670007-8B94-449B-BEF9-9910415D5FC5}.Release|Any CPU.Build.0 = Release|Any CPU
	EndGlobalSection
	GlobalSection(SolutionProperties) = preSolution
		HideSolutionNode = FALSE
	EndGlobalSection
	GlobalSection(ExtensibilityGlobals) = postSolution
		SolutionGuid = {DEFC0965-01A3-40A4-8451-65DA3F19B5DD}
	EndGlobalSection
EndGlobal
